
Microsoft Visual Studio Solution File, Format Version 12.00
# Visual Studio Version 17
VisualStudioVersion = 17.5.33424.131
MinimumVisualStudioVersion = 10.0.40219.1
Project("{FAE04EC0-301F-11D3-BF4B-00C04F79EFBC}") = "RefreshAPIEF", "RefreshAPIEF.csproj", "{A3706F2E-FA8A-4480-AFF3-E8B6E2711969}"
EndProject
Global
	GlobalSection(SolutionConfigurationPlatforms) = preSolution
		Debug|Any CPU = Debug|Any CPU
		Release|Any CPU = Release|Any CPU
	EndGlobalSection
	GlobalSection(ProjectConfigurationPlatforms) = postSolution
		{A3706F2E-FA8A-4480-AFF3-E8B6E2711969}.Debug|Any CPU.ActiveCfg = Debug|Any CPU
		{A3706F2E-FA8A-4480-AFF3-E8B6E2711969}.Debug|Any CPU.Build.0 = Debug|Any CPU
		{A3706F2E-FA8A-4480-AFF3-E8B6E2711969}.Release|Any CPU.ActiveCfg = Release|Any CPU
		{A3706F2E-FA8A-4480-AFF3-E8B6E2711969}.Release|Any CPU.Build.0 = Release|Any CPU
	EndGlobalSection
	GlobalSection(SolutionProperties) = preSolution
		HideSolutionNode = FALSE
	EndGlobalSection
	GlobalSection(ExtensibilityGlobals) = postSolution
		SolutionGuid = {1B04FA99-4550-48A5-9DE3-A791C21CA62F}
	EndGlobalSection
EndGlobal
